
Microsoft Visual Studio Solution File, Format Version 12.00
# Visual Studio Version 16
VisualStudioVersion = 16.0.30503.244
MinimumVisualStudioVersion = 10.0.40219.1
Project("{8BC9CEB8-8B4A-11D0-8D11-00A0C91BC942}") = "lab05", "lab05.vcxproj", "{E23B8238-847A-4547-8195-CF17092C593C}"
EndProject
Global
	GlobalSection(SolutionConfigurationPlatforms) = preSolution
		Debug|x64 = Debug|x64
		Debug|x86 = Debug|x86
		Release|x64 = Release|x64
		Release|x86 = Release|x86
	EndGlobalSection
	GlobalSection(ProjectConfigurationPlatforms) = postSolution
		{E23B8238-847A-4547-8195-CF17092C593C}.Debug|x64.ActiveCfg = Debug|x64
		{E23B8238-847A-4547-8195-CF17092C593C}.Debug|x64.Build.0 = Debug|x64
		{E23B8238-847A-4547-8195-CF17092C593C}.Debug|x86.ActiveCfg = Debug|Win32
		{E23B8238-847A-4547-8195-CF17092C593C}.Debug|x86.Build.0 = Debug|Win32
		{E23B8238-847A-4547-8195-CF17092C593C}.Release|x64.ActiveCfg = Release|x64
		{E23B8238-847A-4547-8195-CF17092C593C}.Release|x64.Build.0 = Release|x64
		{E23B8238-847A-4547-8195-CF17092C593C}.Release|x86.ActiveCfg = Release|Win32
		{E23B8238-847A-4547-8195-CF17092C593C}.Release|x86.Build.0 = Release|Win32
	EndGlobalSection
	GlobalSection(SolutionProperties) = preSolution
		HideSolutionNode = FALSE
	EndGlobalSection
	GlobalSection(ExtensibilityGlobals) = postSolution
		SolutionGuid = {74795651-C5D4-46F4-8BB6-5881FB6A3B48}
	EndGlobalSection
EndGlobal
