
Microsoft Visual Studio Solution File, Format Version 12.00
# Visual Studio Version 16
VisualStudioVersion = 16.0.30503.244
MinimumVisualStudioVersion = 10.0.40219.1
Project("{8BC9CEB8-8B4A-11D0-8D11-00A0C91BC942}") = "lab06", "lab06.vcxproj", "{BA877035-F446-4891-BE1A-F00040675B4D}"
EndProject
Global
	GlobalSection(SolutionConfigurationPlatforms) = preSolution
		Debug|x64 = Debug|x64
		Debug|x86 = Debug|x86
		Release|x64 = Release|x64
		Release|x86 = Release|x86
	EndGlobalSection
	GlobalSection(ProjectConfigurationPlatforms) = postSolution
		{BA877035-F446-4891-BE1A-F00040675B4D}.Debug|x64.ActiveCfg = Debug|x64
		{BA877035-F446-4891-BE1A-F00040675B4D}.Debug|x64.Build.0 = Debug|x64
		{BA877035-F446-4891-BE1A-F00040675B4D}.Debug|x86.ActiveCfg = Debug|Win32
		{BA877035-F446-4891-BE1A-F00040675B4D}.Debug|x86.Build.0 = Debug|Win32
		{BA877035-F446-4891-BE1A-F00040675B4D}.Release|x64.ActiveCfg = Release|x64
		{BA877035-F446-4891-BE1A-F00040675B4D}.Release|x64.Build.0 = Release|x64
		{BA877035-F446-4891-BE1A-F00040675B4D}.Release|x86.ActiveCfg = Release|Win32
		{BA877035-F446-4891-BE1A-F00040675B4D}.Release|x86.Build.0 = Release|Win32
	EndGlobalSection
	GlobalSection(SolutionProperties) = preSolution
		HideSolutionNode = FALSE
	EndGlobalSection
	GlobalSection(ExtensibilityGlobals) = postSolution
		SolutionGuid = {56FD840A-C4E3-460B-9958-2D761BC0C783}
	EndGlobalSection
EndGlobal
